// !$*UTF8*$!
{
	archiveVersion = 1;
	classes = {
	};
	objectVersion = 46;
	objects = {

/* Begin PBXBuildFile section */
		C45F5E2A1E7A37FC006283A7 /* AppDelegate.swift in Sources */ = {isa = PBXBuildFile; fileRef = C45F5E291E7A37FC006283A7 /* AppDelegate.swift */; };
		C45F5E2C1E7A37FC006283A7 /* ViewController.swift in Sources */ = {isa = PBXBuildFile; fileRef = C45F5E2B1E7A37FC006283A7 /* ViewController.swift */; };
		C45F5E2F1E7A37FC006283A7 /* Main.storyboard in Resources */ = {isa = PBXBuildFile; fileRef = C45F5E2D1E7A37FC006283A7 /* Main.storyboard */; };
		C45F5E311E7A37FC006283A7 /* Assets.xcassets in Resources */ = {isa = PBXBuildFile; fileRef = C45F5E301E7A37FC006283A7 /* Assets.xcassets */; };
		C45F5E341E7A37FC006283A7 /* LaunchScreen.storyboard in Resources */ = {isa = PBXBuildFile; fileRef = C45F5E321E7A37FC006283A7 /* LaunchScreen.storyboard */; };
		C45F5E3F1E7A37FC006283A7 /* SwiftDemoTests.swift in Sources */ = {isa = PBXBuildFile; fileRef = C45F5E3E1E7A37FC006283A7 /* SwiftDemoTests.swift */; };
		C45F5E4A1E7A37FC006283A7 /* SwiftDemoUITests.swift in Sources */ = {isa = PBXBuildFile; fileRef = C45F5E491E7A37FC006283A7 /* SwiftDemoUITests.swift */; };
		C45F5E581E7A3878006283A7 /* DemoGradientLayer.swift in Sources */ = {isa = PBXBuildFile; fileRef = C45F5E571E7A3878006283A7 /* DemoGradientLayer.swift */; };
		C45F5E5A1E7A3DE5006283A7 /* DemoReplicatorLayer.swift in Sources */ = {isa = PBXBuildFile; fileRef = C45F5E591E7A3DE5006283A7 /* DemoReplicatorLayer.swift */; };
		C45F5E5E1E7A43EE006283A7 /* DemoReflectionView.swift in Sources */ = {isa = PBXBuildFile; fileRef = C45F5E5D1E7A43EE006283A7 /* DemoReflectionView.swift */; };
		C45F5EAA1E7AADFA006283A7 /* 1.png in Resources */ = {isa = PBXBuildFile; fileRef = C45F5EA91E7AADFA006283A7 /* 1.png */; };
/* End PBXBuildFile section */

/* Begin PBXContainerItemProxy section */
		C45F5E3B1E7A37FC006283A7 /* PBXContainerItemProxy */ = {
			isa = PBXContainerItemProxy;
			containerPortal = C45F5E1E1E7A37FC006283A7 /* Project object */;
			proxyType = 1;
			remoteGlobalIDString = C45F5E251E7A37FC006283A7;
			remoteInfo = SwiftDemo;
		};
		C45F5E461E7A37FC006283A7 /* PBXContainerItemProxy */ = {
			isa = PBXContainerItemProxy;
			containerPortal = C45F5E1E1E7A37FC006283A7 /* Project object */;
			proxyType = 1;
			remoteGlobalIDString = C45F5E251E7A37FC006283A7;
			remoteInfo = SwiftDemo;
		};
/* End PBXContainerItemProxy section */

/* Begin PBXFileReference section */
		C45F5E261E7A37FC006283A7 /* SwiftDemo.app */ = {isa = PBXFileReference; explicitFileType = wrapper.application; includeInIndex = 0; path = SwiftDemo.app; sourceTree = BUILT_PRODUCTS_DIR; };
		C45F5E291E7A37FC006283A7 /* AppDelegate.swift */ = {isa = PBXFileReference; lastKnownFileType = sourcecode.swift; path = AppDelegate.swift; sourceTree = "<group>"; };
		C45F5E2B1E7A37FC006283A7 /* ViewController.swift */ = {isa = PBXFileReference; lastKnownFileType = sourcecode.swift; path = ViewController.swift; sourceTree = "<group>"; };
		C45F5E2E1E7A37FC006283A7 /* Base */ = {isa = PBXFileReference; lastKnownFileType = file.storyboard; name = Base; path = Base.lproj/Main.storyboard; sourceTree = "<group>"; };
		C45F5E301E7A37FC006283A7 /* Assets.xcassets */ = {isa = PBXFileReference; lastKnownFileType = folder.assetcatalog; path = Assets.xcassets; sourceTree = "<group>"; };
		C45F5E331E7A37FC006283A7 /* Base */ = {isa = PBXFileReference; lastKnownFileType = file.storyboard; name = Base; path = Base.lproj/LaunchScreen.storyboard; sourceTree = "<group>"; };
		C45F5E351E7A37FC006283A7 /* Info.plist */ = {isa = PBXFileReference; lastKnownFileType = text.plist.xml; path = Info.plist; sourceTree = "<group>"; };
		C45F5E3A1E7A37FC006283A7 /* SwiftDemoTests.xctest */ = {isa = PBXFileReference; explicitFileType = wrapper.cfbundle; includeInIndex = 0; path = SwiftDemoTests.xctest; sourceTree = BUILT_PRODUCTS_DIR; };
		C45F5E3E1E7A37FC006283A7 /* SwiftDemoTests.swift */ = {isa = PBXFileReference; lastKnownFileType = sourcecode.swift; path = SwiftDemoTests.swift; sourceTree = "<group>"; };
		C45F5E401E7A37FC006283A7 /* Info.plist */ = {isa = PBXFileReference; lastKnownFileType = text.plist.xml; path = Info.plist; sourceTree = "<group>"; };
		C45F5E451E7A37FC006283A7 /* SwiftDemoUITests.xctest */ = {isa = PBXFileReference; explicitFileType = wrapper.cfbundle; includeInIndex = 0; path = SwiftDemoUITests.xctest; sourceTree = BUILT_PRODUCTS_DIR; };
		C45F5E491E7A37FC006283A7 /* SwiftDemoUITests.swift */ = {isa = PBXFileReference; lastKnownFileType = sourcecode.swift; path = SwiftDemoUITests.swift; sourceTree = "<group>"; };
		C45F5E4B1E7A37FC006283A7 /* Info.plist */ = {isa = PBXFileReference; lastKnownFileType = text.plist.xml; path = Info.plist; sourceTree = "<group>"; };
		C45F5E571E7A3878006283A7 /* DemoGradientLayer.swift */ = {isa = PBXFileReference; fileEncoding = 4; lastKnownFileType = sourcecode.swift; path = DemoGradientLayer.swift; sourceTree = "<group>"; };
		C45F5E591E7A3DE5006283A7 /* DemoReplicatorLayer.swift */ = {isa = PBXFileReference; fileEncoding = 4; lastKnownFileType = sourcecode.swift; path = DemoReplicatorLayer.swift; sourceTree = "<group>"; };
		C45F5E5D1E7A43EE006283A7 /* DemoReflectionView.swift */ = {isa = PBXFileReference; fileEncoding = 4; lastKnownFileType = sourcecode.swift; path = DemoReflectionView.swift; sourceTree = "<group>"; };
		C45F5EA91E7AADFA006283A7 /* 1.png */ = {isa = PBXFileReference; lastKnownFileType = image.png; path = 1.png; sourceTree = "<group>"; };
/* End PBXFileReference section */

/* Begin PBXFrameworksBuildPhase section */
		C45F5E231E7A37FC006283A7 /* Frameworks */ = {
			isa = PBXFrameworksBuildPhase;
			buildActionMask = 2147483647;
			files = (
			);
			runOnlyForDeploymentPostprocessing = 0;
		};
		C45F5E371E7A37FC006283A7 /* Frameworks */ = {
			isa = PBXFrameworksBuildPhase;
			buildActionMask = 2147483647;
			files = (
			);
			runOnlyForDeploymentPostprocessing = 0;
		};
		C45F5E421E7A37FC006283A7 /* Frameworks */ = {
			isa = PBXFrameworksBuildPhase;
			buildActionMask = 2147483647;
			files = (
			);
			runOnlyForDeploymentPostprocessing = 0;
		};
/* End PBXFrameworksBuildPhase section */

/* Begin PBXGroup section */
		C45F5E1D1E7A37FC006283A7 = {
			isa = PBXGroup;
			children = (
				C45F5E281E7A37FC006283A7 /* SwiftDemo */,
				C45F5E3D1E7A37FC006283A7 /* SwiftDemoTests */,
				C45F5E481E7A37FC006283A7 /* SwiftDemoUITests */,
				C45F5E271E7A37FC006283A7 /* Products */,
			);
			sourceTree = "<group>";
		};
		C45F5E271E7A37FC006283A7 /* Products */ = {
			isa = PBXGroup;
			children = (
				C45F5E261E7A37FC006283A7 /* SwiftDemo.app */,
				C45F5E3A1E7A37FC006283A7 /* SwiftDemoTests.xctest */,
				C45F5E451E7A37FC006283A7 /* SwiftDemoUITests.xctest */,
			);
			name = Products;
			sourceTree = "<group>";
		};
		C45F5E281E7A37FC006283A7 /* SwiftDemo */ = {
			isa = PBXGroup;
			children = (
				C45F5EA91E7AADFA006283A7 /* 1.png */,
				C45F5E291E7A37FC006283A7 /* AppDelegate.swift */,
				C45F5E2B1E7A37FC006283A7 /* ViewController.swift */,
				C45F5E571E7A3878006283A7 /* DemoGradientLayer.swift */,
				C45F5E591E7A3DE5006283A7 /* DemoReplicatorLayer.swift */,
				C45F5E5D1E7A43EE006283A7 /* DemoReflectionView.swift */,
				C45F5E2D1E7A37FC006283A7 /* Main.storyboard */,
				C45F5E301E7A37FC006283A7 /* Assets.xcassets */,
				C45F5E321E7A37FC006283A7 /* LaunchScreen.storyboard */,
				C45F5E351E7A37FC006283A7 /* Info.plist */,
			);
			path = SwiftDemo;
			sourceTree = "<group>";
		};
		C45F5E3D1E7A37FC006283A7 /* SwiftDemoTests */ = {
			isa = PBXGroup;
			children = (
				C45F5E3E1E7A37FC006283A7 /* SwiftDemoTests.swift */,
				C45F5E401E7A37FC006283A7 /* Info.plist */,
			);
			path = SwiftDemoTests;
			sourceTree = "<group>";
		};
		C45F5E481E7A37FC006283A7 /* SwiftDemoUITests */ = {
			isa = PBXGroup;
			children = (
				C45F5E491E7A37FC006283A7 /* SwiftDemoUITests.swift */,
				C45F5E4B1E7A37FC006283A7 /* Info.plist */,
			);
			path = SwiftDemoUITests;
			sourceTree = "<group>";
		};
/* End PBXGroup section */

/* Begin PBXNativeTarget section */
		C45F5E251E7A37FC006283A7 /* SwiftDemo */ = {
			isa = PBXNativeTarget;
			buildConfigurationList = C45F5E4E1E7A37FC006283A7 /* Build configuration list for PBXNativeTarget "SwiftDemo" */;
			buildPhases = (
				C45F5E221E7A37FC006283A7 /* Sources */,
				C45F5E231E7A37FC006283A7 /* Frameworks */,
				C45F5E241E7A37FC006283A7 /* Resources */,
			);
			buildRules = (
			);
			dependencies = (
			);
			name = SwiftDemo;
			productName = SwiftDemo;
			productReference = C45F5E261E7A37FC006283A7 /* SwiftDemo.app */;
			productType = "com.apple.product-type.application";
		};
		C45F5E391E7A37FC006283A7 /* SwiftDemoTests */ = {
			isa = PBXNativeTarget;
			buildConfigurationList = C45F5E511E7A37FC006283A7 /* Build configuration list for PBXNativeTarget "SwiftDemoTests" */;
			buildPhases = (
				C45F5E361E7A37FC006283A7 /* Sources */,
				C45F5E371E7A37FC006283A7 /* Frameworks */,
				C45F5E381E7A37FC006283A7 /* Resources */,
			);
			buildRules = (
			);
			dependencies = (
				C45F5E3C1E7A37FC006283A7 /* PBXTargetDependency */,
			);
			name = SwiftDemoTests;
			productName = SwiftDemoTests;
			productReference = C45F5E3A1E7A37FC006283A7 /* SwiftDemoTests.xctest */;
			productType = "com.apple.product-type.bundle.unit-test";
		};
		C45F5E441E7A37FC006283A7 /* SwiftDemoUITests */ = {
			isa = PBXNativeTarget;
			buildConfigurationList = C45F5E541E7A37FC006283A7 /* Build configuration list for PBXNativeTarget "SwiftDemoUITests" */;
			buildPhases = (
				C45F5E411E7A37FC006283A7 /* Sources */,
				C45F5E421E7A37FC006283A7 /* Frameworks */,
				C45F5E431E7A37FC006283A7 /* Resources */,
			);
			buildRules = (
			);
			dependencies = (
				C45F5E471E7A37FC006283A7 /* PBXTargetDependency */,
			);
			name = SwiftDemoUITests;
			productName = SwiftDemoUITests;
			productReference = C45F5E451E7A37FC006283A7 /* SwiftDemoUITests.xctest */;
			productType = "com.apple.product-type.bundle.ui-testing";
		};
/* End PBXNativeTarget section */

/* Begin PBXProject section */
		C45F5E1E1E7A37FC006283A7 /* Project object */ = {
			isa = PBXProject;
			attributes = {
				LastSwiftUpdateCheck = 0820;
				LastUpgradeCheck = 0820;
				ORGANIZATIONNAME = Mistletoe;
				TargetAttributes = {
					C45F5E251E7A37FC006283A7 = {
						CreatedOnToolsVersion = 8.2;
						ProvisioningStyle = Automatic;
					};
					C45F5E391E7A37FC006283A7 = {
						CreatedOnToolsVersion = 8.2;
						ProvisioningStyle = Automatic;
						TestTargetID = C45F5E251E7A37FC006283A7;
					};
					C45F5E441E7A37FC006283A7 = {
						CreatedOnToolsVersion = 8.2;
						ProvisioningStyle = Automatic;
						TestTargetID = C45F5E251E7A37FC006283A7;
					};
				};
			};
			buildConfigurationList = C45F5E211E7A37FC006283A7 /* Build configuration list for PBXProject "SwiftDemo" */;
			compatibilityVersion = "Xcode 3.2";
			developmentRegion = English;
			hasScannedForEncodings = 0;
			knownRegions = (
				en,
				Base,
			);
			mainGroup = C45F5E1D1E7A37FC006283A7;
			productRefGroup = C45F5E271E7A37FC006283A7 /* Products */;
			projectDirPath = "";
			projectRoot = "";
			targets = (
				C45F5E251E7A37FC006283A7 /* SwiftDemo */,
				C45F5E391E7A37FC006283A7 /* SwiftDemoTests */,
				C45F5E441E7A37FC006283A7 /* SwiftDemoUITests */,
			);
		};
/* End PBXProject section */

/* Begin PBXResourcesBuildPhase section */
		C45F5E241E7A37FC006283A7 /* Resources */ = {
			isa = PBXResourcesBuildPhase;
			buildActionMask = 2147483647;
			files = (
				C45F5E341E7A37FC006283A7 /* LaunchScreen.storyboard in Resources */,
				C45F5EAA1E7AADFA006283A7 /* 1.png in Resources */,
				C45F5E311E7A37FC006283A7 /* Assets.xcassets in Resources */,
				C45F5E2F1E7A37FC006283A7 /* Main.storyboard in Resources */,
			);
			runOnlyForDeploymentPostprocessing = 0;
		};
		C45F5E381E7A37FC006283A7 /* Resources */ = {
			isa = PBXResourcesBuildPhase;
			buildActionMask = 2147483647;
			files = (
			);
			runOnlyForDeploymentPostprocessing = 0;
		};
		C45F5E431E7A37FC006283A7 /* Resources */ = {
			isa = PBXResourcesBuildPhase;
			buildActionMask = 2147483647;
			files = (
			);
			runOnlyForDeploymentPostprocessing = 0;
		};
/* End PBXResourcesBuildPhase section */

/* Begin PBXSourcesBuildPhase section */
		C45F5E221E7A37FC006283A7 /* Sources */ = {
			isa = PBXSourcesBuildPhase;
			buildActionMask = 2147483647;
			files = (
				C45F5E5E1E7A43EE006283A7 /* DemoReflectionView.swift in Sources */,
				C45F5E2C1E7A37FC006283A7 /* ViewController.swift in Sources */,
				C45F5E581E7A3878006283A7 /* DemoGradientLayer.swift in Sources */,
				C45F5E2A1E7A37FC006283A7 /* AppDelegate.swift in Sources */,
				C45F5E5A1E7A3DE5006283A7 /* DemoReplicatorLayer.swift in Sources */,
			);
			runOnlyForDeploymentPostprocessing = 0;
		};
		C45F5E361E7A37FC006283A7 /* Sources */ = {
			isa = PBXSourcesBuildPhase;
			buildActionMask = 2147483647;
			files = (
				C45F5E3F1E7A37FC006283A7 /* SwiftDemoTests.swift in Sources */,
			);
			runOnlyForDeploymentPostprocessing = 0;
		};
		C45F5E411E7A37FC006283A7 /* Sources */ = {
			isa = PBXSourcesBuildPhase;
			buildActionMask = 2147483647;
			files = (
				C45F5E4A1E7A37FC006283A7 /* SwiftDemoUITests.swift in Sources */,
			);
			runOnlyForDeploymentPostprocessing = 0;
		};
/* End PBXSourcesBuildPhase section */

/* Begin PBXTargetDependency section */
		C45F5E3C1E7A37FC006283A7 /* PBXTargetDependency */ = {
			isa = PBXTargetDependency;
			target = C45F5E251E7A37FC006283A7 /* SwiftDemo */;
			targetProxy = C45F5E3B1E7A37FC006283A7 /* PBXContainerItemProxy */;
		};
		C45F5E471E7A37FC006283A7 /* PBXTargetDependency */ = {
			isa = PBXTargetDependency;
			target = C45F5E251E7A37FC006283A7 /* SwiftDemo */;
			targetProxy = C45F5E461E7A37FC006283A7 /* PBXContainerItemProxy */;
		};
/* End PBXTargetDependency section */

/* Begin PBXVariantGroup section */
		C45F5E2D1E7A37FC006283A7 /* Main.storyboard */ = {
			isa = PBXVariantGroup;
			children = (
				C45F5E2E1E7A37FC006283A7 /* Base */,
			);
			name = Main.storyboard;
			sourceTree = "<group>";
		};
		C45F5E321E7A37FC006283A7 /* LaunchScreen.storyboard */ = {
			isa = PBXVariantGroup;
			children = (
				C45F5E331E7A37FC006283A7 /* Base */,
			);
			name = LaunchScreen.storyboard;
			sourceTree = "<group>";
		};
/* End PBXVariantGroup section */

/* Begin XCBuildConfiguration section */
		C45F5E4C1E7A37FC006283A7 /* Debug */ = {
			isa = XCBuildConfiguration;
			buildSettings = {
				ALWAYS_SEARCH_USER_PATHS = NO;
				CLANG_ANALYZER_NONNULL = YES;
				CLANG_CXX_LANGUAGE_STANDARD = "gnu++0x";
				CLANG_CXX_LIBRARY = "libc++";
				CLANG_ENABLE_MODULES = YES;
				CLANG_ENABLE_OBJC_ARC = YES;
				CLANG_WARN_BOOL_CONVERSION = YES;
				CLANG_WARN_CONSTANT_CONVERSION = YES;
				CLANG_WARN_DIRECT_OBJC_ISA_USAGE = YES_ERROR;
				CLANG_WARN_DOCUMENTATION_COMMENTS = YES;
				CLANG_WARN_EMPTY_BODY = YES;
				CLANG_WARN_ENUM_CONVERSION = YES;
				CLANG_WARN_INFINITE_RECURSION = YES;
				CLANG_WARN_INT_CONVERSION = YES;
				CLANG_WARN_OBJC_ROOT_CLASS = YES_ERROR;
				CLANG_WARN_SUSPICIOUS_MOVE = YES;
				CLANG_WARN_UNREACHABLE_CODE = YES;
				CLANG_WARN__DUPLICATE_METHOD_MATCH = YES;
				"CODE_SIGN_IDENTITY[sdk=iphoneos*]" = "iPhone Developer";
				COPY_PHASE_STRIP = NO;
				DEBUG_INFORMATION_FORMAT = dwarf;
				ENABLE_STRICT_OBJC_MSGSEND = YES;
				ENABLE_TESTABILITY = YES;
				GCC_C_LANGUAGE_STANDARD = gnu99;
				GCC_DYNAMIC_NO_PIC = NO;
				GCC_NO_COMMON_BLOCKS = YES;
				GCC_OPTIMIZATION_LEVEL = 0;
				GCC_PREPROCESSOR_DEFINITIONS = (
					"DEBUG=1",
					"$(inherited)",
				);
				GCC_WARN_64_TO_32_BIT_CONVERSION = YES;
				GCC_WARN_ABOUT_RETURN_TYPE = YES_ERROR;
				GCC_WARN_UNDECLARED_SELECTOR = YES;
				GCC_WARN_UNINITIALIZED_AUTOS = YES_AGGRESSIVE;
				GCC_WARN_UNUSED_FUNCTION = YES;
				GCC_WARN_UNUSED_VARIABLE = YES;
				IPHONEOS_DEPLOYMENT_TARGET = 10.2;
				MTL_ENABLE_DEBUG_INFO = YES;
				ONLY_ACTIVE_ARCH = YES;
				SDKROOT = iphoneos;
				SWIFT_ACTIVE_COMPILATION_CONDITIONS = DEBUG;
				SWIFT_OPTIMIZATION_LEVEL = "-Onone";
				TARGETED_DEVICE_FAMILY = "1,2";
			};
			name = Debug;
		};
		C45F5E4D1E7A37FC006283A7 /* Release */ = {
			isa = XCBuildConfiguration;
			buildSettings = {
				ALWAYS_SEARCH_USER_PATHS = NO;
				CLANG_ANALYZER_NONNULL = YES;
				CLANG_CXX_LANGUAGE_STANDARD = "gnu++0x";
				CLANG_CXX_LIBRARY = "libc++";
				CLANG_ENABLE_MODULES = YES;
				CLANG_ENABLE_OBJC_ARC = YES;
				CLANG_WARN_BOOL_CONVERSION = YES;
				CLANG_WARN_CONSTANT_CONVERSION = YES;
				CLANG_WARN_DIRECT_OBJC_ISA_USAGE = YES_ERROR;
				CLANG_WARN_DOCUMENTATION_COMMENTS = YES;
				CLANG_WARN_EMPTY_BODY = YES;
				CLANG_WARN_ENUM_CONVERSION = YES;
				CLANG_WARN_INFINITE_RECURSION = YES;
				CLANG_WARN_INT_CONVERSION = YES;
				CLANG_WARN_OBJC_ROOT_CLASS = YES_ERROR;
				CLANG_WARN_SUSPICIOUS_MOVE = YES;
				CLANG_WARN_UNREACHABLE_CODE = YES;
				CLANG_WARN__DUPLICATE_METHOD_MATCH = YES;
				"CODE_SIGN_IDENTITY[sdk=iphoneos*]" = "iPhone Developer";
				COPY_PHASE_STRIP = NO;
				DEBUG_INFORMATION_FORMAT = "dwarf-with-dsym";
				ENABLE_NS_ASSERTIONS = NO;
				ENABLE_STRICT_OBJC_MSGSEND = YES;
				GCC_C_LANGUAGE_STANDARD = gnu99;
				GCC_NO_COMMON_BLOCKS = YES;
				GCC_WARN_64_TO_32_BIT_CONVERSION = YES;
				GCC_WARN_ABOUT_RETURN_TYPE = YES_ERROR;
				GCC_WARN_UNDECLARED_SELECTOR = YES;
				GCC_WARN_UNINITIALIZED_AUTOS = YES_AGGRESSIVE;
				GCC_WARN_UNUSED_FUNCTION = YES;
				GCC_WARN_UNUSED_VARIABLE = YES;
				IPHONEOS_DEPLOYMENT_TARGET = 10.2;
				MTL_ENABLE_DEBUG_INFO = NO;
				SDKROOT = iphoneos;
				SWIFT_OPTIMIZATION_LEVEL = "-Owholemodule";
				TARGETED_DEVICE_FAMILY = "1,2";
				VALIDATE_PRODUCT = YES;
			};
			name = Release;
		};
		C45F5E4F1E7A37FC006283A7 /* Debug */ = {
			isa = XCBuildConfiguration;
			buildSettings = {
				ASSETCATALOG_COMPILER_APPICON_NAME = AppIcon;
				INFOPLIST_FILE = SwiftDemo/Info.plist;
				LD_RUNPATH_SEARCH_PATHS = "$(inherited) @executable_path/Frameworks";
				PRODUCT_BUNDLE_IDENTIFIER = chengpeng.SwiftDemo;
				PRODUCT_NAME = "$(TARGET_NAME)";
				SWIFT_VERSION = 3.0;
				TARGETED_DEVICE_FAMILY = "1,2";
			};
			name = Debug;
		};
		C45F5E501E7A37FC006283A7 /* Release */ = {
			isa = XCBuildConfiguration;
			buildSettings = {
				ASSETCATALOG_COMPILER_APPICON_NAME = AppIcon;
				INFOPLIST_FILE = SwiftDemo/Info.plist;
				LD_RUNPATH_SEARCH_PATHS = "$(inherited) @executable_path/Frameworks";
				PRODUCT_BUNDLE_IDENTIFIER = chengpeng.SwiftDemo;
				PRODUCT_NAME = "$(TARGET_NAME)";
				SWIFT_VERSION = 3.0;
				TARGETED_DEVICE_FAMILY = "1,2";
			};
			name = Release;
		};
		C45F5E521E7A37FC006283A7 /* Debug */ = {
			isa = XCBuildConfiguration;
			buildSettings = {
				ALWAYS_EMBED_SWIFT_STANDARD_LIBRARIES = YES;
				BUNDLE_LOADER = "$(TEST_HOST)";
				INFOPLIST_FILE = SwiftDemoTests/Info.plist;
				LD_RUNPATH_SEARCH_PATHS = "$(inherited) @executable_path/Frameworks @loader_path/Frameworks";
				PRODUCT_BUNDLE_IDENTIFIER = chengpeng.SwiftDemoTests;
				PRODUCT_NAME = "$(TARGET_NAME)";
				SWIFT_VERSION = 3.0;
				TEST_HOST = "$(BUILT_PRODUCTS_DIR)/SwiftDemo.app/SwiftDemo";
			};
			name = Debug;
		};
		C45F5E531E7A37FC006283A7 /* Release */ = {
			isa = XCBuildConfiguration;
			buildSettings = {
				ALWAYS_EMBED_SWIFT_STANDARD_LIBRARIES = YES;
				BUNDLE_LOADER = "$(TEST_HOST)";
				INFOPLIST_FILE = SwiftDemoTests/Info.plist;
				LD_RUNPATH_SEARCH_PATHS = "$(inherited) @executable_path/Frameworks @loader_path/Frameworks";
				PRODUCT_BUNDLE_IDENTIFIER = chengpeng.SwiftDemoTests;
				PRODUCT_NAME = "$(TARGET_NAME)";
				SWIFT_VERSION = 3.0;
				TEST_HOST = "$(BUILT_PRODUCTS_DIR)/SwiftDemo.app/SwiftDemo";
			};
			name = Release;
		};
		C45F5E551E7A37FC006283A7 /* Debug */ = {
			isa = XCBuildConfiguration;
			buildSettings = {
				ALWAYS_EMBED_SWIFT_STANDARD_LIBRARIES = YES;
				INFOPLIST_FILE = SwiftDemoUITests/Info.plist;
				LD_RUNPATH_SEARCH_PATHS = "$(inherited) @executable_path/Frameworks @loader_path/Frameworks";
				PRODUCT_BUNDLE_IDENTIFIER = chengpeng.SwiftDemoUITests;
				PRODUCT_NAME = "$(TARGET_NAME)";
				SWIFT_VERSION = 3.0;
				TEST_TARGET_NAME = SwiftDemo;
			};
			name = Debug;
		};
		C45F5E561E7A37FC006283A7 /* Release */ = {
			isa = XCBuildConfiguration;
			buildSettings = {
				ALWAYS_EMBED_SWIFT_STANDARD_LIBRARIES = YES;
				INFOPLIST_FILE = SwiftDemoUITests/Info.plist;
				LD_RUNPATH_SEARCH_PATHS = "$(inherited) @executable_path/Frameworks @loader_path/Frameworks";
				PRODUCT_BUNDLE_IDENTIFIER = chengpeng.SwiftDemoUITests;
				PRODUCT_NAME = "$(TARGET_NAME)";
				SWIFT_VERSION = 3.0;
				TEST_TARGET_NAME = SwiftDemo;
			};
			name = Release;
		};
/* End XCBuildConfiguration section */

/* Begin XCConfigurationList section */
		C45F5E211E7A37FC006283A7 /* Build configuration list for PBXProject "SwiftDemo" */ = {
			isa = XCConfigurationList;
			buildConfigurations = (
				C45F5E4C1E7A37FC006283A7 /* Debug */,
				C45F5E4D1E7A37FC006283A7 /* Release */,
			);
			defaultConfigurationIsVisible = 0;
			defaultConfigurationName = Release;
		};
		C45F5E4E1E7A37FC006283A7 /* Build configuration list for PBXNativeTarget "SwiftDemo" */ = {
			isa = XCConfigurationList;
			buildConfigurations = (
				C45F5E4F1E7A37FC006283A7 /* Debug */,
				C45F5E501E7A37FC006283A7 /* Release */,
			);
			defaultConfigurationIsVisible = 0;
		};
		C45F5E511E7A37FC006283A7 /* Build configuration list for PBXNativeTarget "SwiftDemoTests" */ = {
			isa = XCConfigurationList;
			buildConfigurations = (
				C45F5E521E7A37FC006283A7 /* Debug */,
				C45F5E531E7A37FC006283A7 /* Release */,
			);
			defaultConfigurationIsVisible = 0;
		};
		C45F5E541E7A37FC006283A7 /* Build configuration list for PBXNativeTarget "SwiftDemoUITests" */ = {
			isa = XCConfigurationList;
			buildConfigurations = (
				C45F5E551E7A37FC006283A7 /* Debug */,
				C45F5E561E7A37FC006283A7 /* Release */,
			);
			defaultConfigurationIsVisible = 0;
		};
/* End XCConfigurationList section */
	};
	rootObject = C45F5E1E1E7A37FC006283A7 /* Project object */;
}
